
Microsoft Visual Studio Solution File, Format Version 12.00
# Visual Studio Version 17
VisualStudioVersion = 17.11.35312.102
MinimumVisualStudioVersion = 10.0.40219.1
Project("{FAE04EC0-301F-11D3-BF4B-00C04F79EFBC}") = "Test stoics", "Test stoics\Test stoics.csproj", "{17CC28E6-B318-47BA-A1E2-D8002077DD0E}"
EndProject
Global
	GlobalSection(SolutionConfigurationPlatforms) = preSolution
		Debug|Any CPU = Debug|Any CPU
		Release|Any CPU = Release|Any CPU
	EndGlobalSection
	GlobalSection(ProjectConfigurationPlatforms) = postSolution
		{17CC28E6-B318-47BA-A1E2-D8002077DD0E}.Debug|Any CPU.ActiveCfg = Debug|Any CPU
		{17CC28E6-B318-47BA-A1E2-D8002077DD0E}.Debug|Any CPU.Build.0 = Debug|Any CPU
		{17CC28E6-B318-47BA-A1E2-D8002077DD0E}.Release|Any CPU.ActiveCfg = Release|Any CPU
		{17CC28E6-B318-47BA-A1E2-D8002077DD0E}.Release|Any CPU.Build.0 = Release|Any CPU
	EndGlobalSection
	GlobalSection(SolutionProperties) = preSolution
		HideSolutionNode = FALSE
	EndGlobalSection
	GlobalSection(ExtensibilityGlobals) = postSolution
		SolutionGuid = {CD9FC3BA-0186-4C24-93A5-BA8BBBCB24F8}
	EndGlobalSection
EndGlobal
